
Microsoft Visual Studio Solution File, Format Version 12.00
# Visual Studio Version 16
VisualStudioVersion = 16.0.29123.88
MinimumVisualStudioVersion = 10.0.40219.1
Project("{8BC9CEB8-8B4A-11D0-8D11-00A0C91BC942}") = "win-rt-rgb", "win-rt-rgb\win-rt-rgb.vcxproj", "{25623100-29DD-4050-B45D-7813E23D7FF1}"
	ProjectSection(ProjectDependencies) = postProject
		{1F1D7916-4CBD-49A9-9E0C-6DFA493AB657} = {1F1D7916-4CBD-49A9-9E0C-6DFA493AB657}
		{1659561E-C329-481F-A9F2-2BFA403BE9CF} = {1659561E-C329-481F-A9F2-2BFA403BE9CF}
		{3AD98457-0F6F-4B3C-9E0A-F5FFEEE33DB7} = {3AD98457-0F6F-4B3C-9E0A-F5FFEEE33DB7}
		{9C894B75-F360-4EB8-90EB-2E339ED2A48A} = {9C894B75-F360-4EB8-90EB-2E339ED2A48A}
		{AEAE5090-04E1-48C9-ACB7-928FDCE14DF3} = {AEAE5090-04E1-48C9-ACB7-928FDCE14DF3}
	EndProjectSection
EndProject
Project("{8BC9CEB8-8B4A-11D0-8D11-00A0C91BC942}") = "ApiWrapper", "ApiWrapper\ApiWrapper.vcxproj", "{3AD98457-0F6F-4B3C-9E0A-F5FFEEE33DB7}"
	ProjectSection(ProjectDependencies) = postProject
		{1F1D7916-4CBD-49A9-9E0C-6DFA493AB657} = {1F1D7916-4CBD-49A9-9E0C-6DFA493AB657}
	EndProjectSection
EndProject
Project("{8BC9CEB8-8B4A-11D0-8D11-00A0C91BC942}") = "Logger", "Logger\Logger.vcxproj", "{9C894B75-F360-4EB8-90EB-2E339ED2A48A}"
EndProject
Project("{8BC9CEB8-8B4A-11D0-8D11-00A0C91BC942}") = "DesktopCapture", "DesktopCapture\DesktopCapture.vcxproj", "{AEAE5090-04E1-48C9-ACB7-928FDCE14DF3}"
	ProjectSection(ProjectDependencies) = postProject
		{3AD98457-0F6F-4B3C-9E0A-F5FFEEE33DB7} = {3AD98457-0F6F-4B3C-9E0A-F5FFEEE33DB7}
		{9C894B75-F360-4EB8-90EB-2E339ED2A48A} = {9C894B75-F360-4EB8-90EB-2E339ED2A48A}
	EndProjectSection
EndProject
Project("{8BC9CEB8-8B4A-11D0-8D11-00A0C91BC942}") = "Color", "Color\Color.vcxproj", "{1F1D7916-4CBD-49A9-9E0C-6DFA493AB657}"
EndProject
Project("{FAE04EC0-301F-11D3-BF4B-00C04F79EFBC}") = "NotificationListener", "DiscordNotificationListener\NotificationListener.csproj", "{2D7A776A-A654-4FCF-A90D-67BD9E6098EB}"
EndProject
Project("{8BC9CEB8-8B4A-11D0-8D11-00A0C91BC942}") = "AudioCapture", "AudioCapture\AudioCapture.vcxproj", "{1659561E-C329-481F-A9F2-2BFA403BE9CF}"
EndProject
Project("{8BC9CEB8-8B4A-11D0-8D11-00A0C91BC942}") = "Rendering", "Rendering\Rendering.vcxproj", "{57803E96-7EAE-4CFF-9E27-64091F336E15}"
	ProjectSection(ProjectDependencies) = postProject
		{1F1D7916-4CBD-49A9-9E0C-6DFA493AB657} = {1F1D7916-4CBD-49A9-9E0C-6DFA493AB657}
	EndProjectSection
EndProject
Global
	GlobalSection(SolutionConfigurationPlatforms) = preSolution
		Debug|Any CPU = Debug|Any CPU
		Debug|ARM = Debug|ARM
		Debug|ARM64 = Debug|ARM64
		Debug|x64 = Debug|x64
		Debug|x86 = Debug|x86
		Release|Any CPU = Release|Any CPU
		Release|ARM = Release|ARM
		Release|ARM64 = Release|ARM64
		Release|x64 = Release|x64
		Release|x86 = Release|x86
	EndGlobalSection
	GlobalSection(ProjectConfigurationPlatforms) = postSolution
		{25623100-29DD-4050-B45D-7813E23D7FF1}.Debug|Any CPU.ActiveCfg = Debug|Win32
		{25623100-29DD-4050-B45D-7813E23D7FF1}.Debug|ARM.ActiveCfg = Debug|Win32
		{25623100-29DD-4050-B45D-7813E23D7FF1}.Debug|ARM64.ActiveCfg = Debug|Win32
		{25623100-29DD-4050-B45D-7813E23D7FF1}.Debug|x64.ActiveCfg = Debug|x64
		{25623100-29DD-4050-B45D-7813E23D7FF1}.Debug|x64.Build.0 = Debug|x64
		{25623100-29DD-4050-B45D-7813E23D7FF1}.Debug|x86.ActiveCfg = Debug|Win32
		{25623100-29DD-4050-B45D-7813E23D7FF1}.Debug|x86.Build.0 = Debug|Win32
		{25623100-29DD-4050-B45D-7813E23D7FF1}.Release|Any CPU.ActiveCfg = Release|Win32
		{25623100-29DD-4050-B45D-7813E23D7FF1}.Release|ARM.ActiveCfg = Release|Win32
		{25623100-29DD-4050-B45D-7813E23D7FF1}.Release|ARM64.ActiveCfg = Release|Win32
		{25623100-29DD-4050-B45D-7813E23D7FF1}.Release|x64.ActiveCfg = Release|x64
		{25623100-29DD-4050-B45D-7813E23D7FF1}.Release|x64.Build.0 = Release|x64
		{25623100-29DD-4050-B45D-7813E23D7FF1}.Release|x86.ActiveCfg = Release|Win32
		{25623100-29DD-4050-B45D-7813E23D7FF1}.Release|x86.Build.0 = Release|Win32
		{3AD98457-0F6F-4B3C-9E0A-F5FFEEE33DB7}.Debug|Any CPU.ActiveCfg = Debug|Win32
		{3AD98457-0F6F-4B3C-9E0A-F5FFEEE33DB7}.Debug|ARM.ActiveCfg = Debug|Win32
		{3AD98457-0F6F-4B3C-9E0A-F5FFEEE33DB7}.Debug|ARM64.ActiveCfg = Debug|Win32
		{3AD98457-0F6F-4B3C-9E0A-F5FFEEE33DB7}.Debug|x64.ActiveCfg = Debug|x64
		{3AD98457-0F6F-4B3C-9E0A-F5FFEEE33DB7}.Debug|x64.Build.0 = Debug|x64
		{3AD98457-0F6F-4B3C-9E0A-F5FFEEE33DB7}.Debug|x86.ActiveCfg = Debug|Win32
		{3AD98457-0F6F-4B3C-9E0A-F5FFEEE33DB7}.Debug|x86.Build.0 = Debug|Win32
		{3AD98457-0F6F-4B3C-9E0A-F5FFEEE33DB7}.Release|Any CPU.ActiveCfg = Release|Win32
		{3AD98457-0F6F-4B3C-9E0A-F5FFEEE33DB7}.Release|ARM.ActiveCfg = Release|Win32
		{3AD98457-0F6F-4B3C-9E0A-F5FFEEE33DB7}.Release|ARM64.ActiveCfg = Release|Win32
		{3AD98457-0F6F-4B3C-9E0A-F5FFEEE33DB7}.Release|x64.ActiveCfg = Release|x64
		{3AD98457-0F6F-4B3C-9E0A-F5FFEEE33DB7}.Release|x64.Build.0 = Release|x64
		{3AD98457-0F6F-4B3C-9E0A-F5FFEEE33DB7}.Release|x86.ActiveCfg = Release|Win32
		{3AD98457-0F6F-4B3C-9E0A-F5FFEEE33DB7}.Release|x86.Build.0 = Release|Win32
		{9C894B75-F360-4EB8-90EB-2E339ED2A48A}.Debug|Any CPU.ActiveCfg = Debug|Win32
		{9C894B75-F360-4EB8-90EB-2E339ED2A48A}.Debug|ARM.ActiveCfg = Debug|Win32
		{9C894B75-F360-4EB8-90EB-2E339ED2A48A}.Debug|ARM64.ActiveCfg = Debug|Win32
		{9C894B75-F360-4EB8-90EB-2E339ED2A48A}.Debug|x64.ActiveCfg = Debug|x64
		{9C894B75-F360-4EB8-90EB-2E339ED2A48A}.Debug|x64.Build.0 = Debug|x64
		{9C894B75-F360-4EB8-90EB-2E339ED2A48A}.Debug|x86.ActiveCfg = Debug|Win32
		{9C894B75-F360-4EB8-90EB-2E339ED2A48A}.Debug|x86.Build.0 = Debug|Win32
		{9C894B75-F360-4EB8-90EB-2E339ED2A48A}.Release|Any CPU.ActiveCfg = Release|Win32
		{9C894B75-F360-4EB8-90EB-2E339ED2A48A}.Release|ARM.ActiveCfg = Release|Win32
		{9C894B75-F360-4EB8-90EB-2E339ED2A48A}.Release|ARM64.ActiveCfg = Release|Win32
		{9C894B75-F360-4EB8-90EB-2E339ED2A48A}.Release|x64.ActiveCfg = Release|x64
		{9C894B75-F360-4EB8-90EB-2E339ED2A48A}.Release|x64.Build.0 = Release|x64
		{9C894B75-F360-4EB8-90EB-2E339ED2A48A}.Release|x86.ActiveCfg = Release|Win32
		{9C894B75-F360-4EB8-90EB-2E339ED2A48A}.Release|x86.Build.0 = Release|Win32
		{AEAE5090-04E1-48C9-ACB7-928FDCE14DF3}.Debug|Any CPU.ActiveCfg = Debug|Win32
		{AEAE5090-04E1-48C9-ACB7-928FDCE14DF3}.Debug|ARM.ActiveCfg = Debug|Win32
		{AEAE5090-04E1-48C9-ACB7-928FDCE14DF3}.Debug|ARM64.ActiveCfg = Debug|Win32
		{AEAE5090-04E1-48C9-ACB7-928FDCE14DF3}.Debug|x64.ActiveCfg = Debug|x64
		{AEAE5090-04E1-48C9-ACB7-928FDCE14DF3}.Debug|x64.Build.0 = Debug|x64
		{AEAE5090-04E1-48C9-ACB7-928FDCE14DF3}.Debug|x86.ActiveCfg = Debug|Win32
		{AEAE5090-04E1-48C9-ACB7-928FDCE14DF3}.Debug|x86.Build.0 = Debug|Win32
		{AEAE5090-04E1-48C9-ACB7-928FDCE14DF3}.Release|Any CPU.ActiveCfg = Release|Win32
		{AEAE5090-04E1-48C9-ACB7-928FDCE14DF3}.Release|ARM.ActiveCfg = Release|Win32
		{AEAE5090-04E1-48C9-ACB7-928FDCE14DF3}.Release|ARM64.ActiveCfg = Release|Win32
		{AEAE5090-04E1-48C9-ACB7-928FDCE14DF3}.Release|x64.ActiveCfg = Release|x64
		{AEAE5090-04E1-48C9-ACB7-928FDCE14DF3}.Release|x64.Build.0 = Release|x64
		{AEAE5090-04E1-48C9-ACB7-928FDCE14DF3}.Release|x86.ActiveCfg = Release|Win32
		{AEAE5090-04E1-48C9-ACB7-928FDCE14DF3}.Release|x86.Build.0 = Release|Win32
		{1F1D7916-4CBD-49A9-9E0C-6DFA493AB657}.Debug|Any CPU.ActiveCfg = Debug|Win32
		{1F1D7916-4CBD-49A9-9E0C-6DFA493AB657}.Debug|ARM.ActiveCfg = Debug|Win32
		{1F1D7916-4CBD-49A9-9E0C-6DFA493AB657}.Debug|ARM64.ActiveCfg = Debug|Win32
		{1F1D7916-4CBD-49A9-9E0C-6DFA493AB657}.Debug|x64.ActiveCfg = Debug|x64
		{1F1D7916-4CBD-49A9-9E0C-6DFA493AB657}.Debug|x64.Build.0 = Debug|x64
		{1F1D7916-4CBD-49A9-9E0C-6DFA493AB657}.Debug|x86.ActiveCfg = Debug|Win32
		{1F1D7916-4CBD-49A9-9E0C-6DFA493AB657}.Debug|x86.Build.0 = Debug|Win32
		{1F1D7916-4CBD-49A9-9E0C-6DFA493AB657}.Release|Any CPU.ActiveCfg = Release|Win32
		{1F1D7916-4CBD-49A9-9E0C-6DFA493AB657}.Release|ARM.ActiveCfg = Release|Win32
		{1F1D7916-4CBD-49A9-9E0C-6DFA493AB657}.Release|ARM64.ActiveCfg = Release|Win32
		{1F1D7916-4CBD-49A9-9E0C-6DFA493AB657}.Release|x64.ActiveCfg = Release|x64
		{1F1D7916-4CBD-49A9-9E0C-6DFA493AB657}.Release|x64.Build.0 = Release|x64
		{1F1D7916-4CBD-49A9-9E0C-6DFA493AB657}.Release|x86.ActiveCfg = Release|Win32
		{1F1D7916-4CBD-49A9-9E0C-6DFA493AB657}.Release|x86.Build.0 = Release|Win32
		{2D7A776A-A654-4FCF-A90D-67BD9E6098EB}.Debug|Any CPU.ActiveCfg = Debug|x86
		{2D7A776A-A654-4FCF-A90D-67BD9E6098EB}.Debug|ARM.ActiveCfg = Debug|ARM
		{2D7A776A-A654-4FCF-A90D-67BD9E6098EB}.Debug|ARM.Build.0 = Debug|ARM
		{2D7A776A-A654-4FCF-A90D-67BD9E6098EB}.Debug|ARM.Deploy.0 = Debug|ARM
		{2D7A776A-A654-4FCF-A90D-67BD9E6098EB}.Debug|ARM64.ActiveCfg = Debug|ARM64
		{2D7A776A-A654-4FCF-A90D-67BD9E6098EB}.Debug|ARM64.Build.0 = Debug|ARM64
		{2D7A776A-A654-4FCF-A90D-67BD9E6098EB}.Debug|ARM64.Deploy.0 = Debug|ARM64
		{2D7A776A-A654-4FCF-A90D-67BD9E6098EB}.Debug|x64.ActiveCfg = Debug|x64
		{2D7A776A-A654-4FCF-A90D-67BD9E6098EB}.Debug|x64.Build.0 = Debug|x64
		{2D7A776A-A654-4FCF-A90D-67BD9E6098EB}.Debug|x64.Deploy.0 = Debug|x64
		{2D7A776A-A654-4FCF-A90D-67BD9E6098EB}.Debug|x86.ActiveCfg = Debug|x86
		{2D7A776A-A654-4FCF-A90D-67BD9E6098EB}.Debug|x86.Build.0 = Debug|x86
		{2D7A776A-A654-4FCF-A90D-67BD9E6098EB}.Debug|x86.Deploy.0 = Debug|x86
		{2D7A776A-A654-4FCF-A90D-67BD9E6098EB}.Release|Any CPU.ActiveCfg = Release|x86
		{2D7A776A-A654-4FCF-A90D-67BD9E6098EB}.Release|ARM.ActiveCfg = Release|ARM
		{2D7A776A-A654-4FCF-A90D-67BD9E6098EB}.Release|ARM.Build.0 = Release|ARM
		{2D7A776A-A654-4FCF-A90D-67BD9E6098EB}.Release|ARM.Deploy.0 = Release|ARM
		{2D7A776A-A654-4FCF-A90D-67BD9E6098EB}.Release|ARM64.ActiveCfg = Release|ARM64
		{2D7A776A-A654-4FCF-A90D-67BD9E6098EB}.Release|ARM64.Build.0 = Release|ARM64
		{2D7A776A-A654-4FCF-A90D-67BD9E6098EB}.Release|ARM64.Deploy.0 = Release|ARM64
		{2D7A776A-A654-4FCF-A90D-67BD9E6098EB}.Release|x64.ActiveCfg = Release|x64
		{2D7A776A-A654-4FCF-A90D-67BD9E6098EB}.Release|x64.Build.0 = Release|x64
		{2D7A776A-A654-4FCF-A90D-67BD9E6098EB}.Release|x64.Deploy.0 = Release|x64
		{2D7A776A-A654-4FCF-A90D-67BD9E6098EB}.Release|x86.ActiveCfg = Release|x86
		{2D7A776A-A654-4FCF-A90D-67BD9E6098EB}.Release|x86.Build.0 = Release|x86
		{2D7A776A-A654-4FCF-A90D-67BD9E6098EB}.Release|x86.Deploy.0 = Release|x86
		{1659561E-C329-481F-A9F2-2BFA403BE9CF}.Debug|Any CPU.ActiveCfg = Debug|Win32
		{1659561E-C329-481F-A9F2-2BFA403BE9CF}.Debug|ARM.ActiveCfg = Debug|Win32
		{1659561E-C329-481F-A9F2-2BFA403BE9CF}.Debug|ARM64.ActiveCfg = Debug|Win32
		{1659561E-C329-481F-A9F2-2BFA403BE9CF}.Debug|x64.ActiveCfg = Debug|x64
		{1659561E-C329-481F-A9F2-2BFA403BE9CF}.Debug|x64.Build.0 = Debug|x64
		{1659561E-C329-481F-A9F2-2BFA403BE9CF}.Debug|x86.ActiveCfg = Debug|Win32
		{1659561E-C329-481F-A9F2-2BFA403BE9CF}.Debug|x86.Build.0 = Debug|Win32
		{1659561E-C329-481F-A9F2-2BFA403BE9CF}.Release|Any CPU.ActiveCfg = Release|Win32
		{1659561E-C329-481F-A9F2-2BFA403BE9CF}.Release|ARM.ActiveCfg = Release|Win32
		{1659561E-C329-481F-A9F2-2BFA403BE9CF}.Release|ARM64.ActiveCfg = Release|Win32
		{1659561E-C329-481F-A9F2-2BFA403BE9CF}.Release|x64.ActiveCfg = Release|x64
		{1659561E-C329-481F-A9F2-2BFA403BE9CF}.Release|x64.Build.0 = Release|x64
		{1659561E-C329-481F-A9F2-2BFA403BE9CF}.Release|x86.ActiveCfg = Release|Win32
		{1659561E-C329-481F-A9F2-2BFA403BE9CF}.Release|x86.Build.0 = Release|Win32
		{57803E96-7EAE-4CFF-9E27-64091F336E15}.Debug|Any CPU.ActiveCfg = Debug|Win32
		{57803E96-7EAE-4CFF-9E27-64091F336E15}.Debug|ARM.ActiveCfg = Debug|Win32
		{57803E96-7EAE-4CFF-9E27-64091F336E15}.Debug|ARM64.ActiveCfg = Debug|Win32
		{57803E96-7EAE-4CFF-9E27-64091F336E15}.Debug|x64.ActiveCfg = Debug|x64
		{57803E96-7EAE-4CFF-9E27-64091F336E15}.Debug|x64.Build.0 = Debug|x64
		{57803E96-7EAE-4CFF-9E27-64091F336E15}.Debug|x86.ActiveCfg = Debug|Win32
		{57803E96-7EAE-4CFF-9E27-64091F336E15}.Debug|x86.Build.0 = Debug|Win32
		{57803E96-7EAE-4CFF-9E27-64091F336E15}.Release|Any CPU.ActiveCfg = Release|Win32
		{57803E96-7EAE-4CFF-9E27-64091F336E15}.Release|ARM.ActiveCfg = Release|Win32
		{57803E96-7EAE-4CFF-9E27-64091F336E15}.Release|ARM64.ActiveCfg = Release|Win32
		{57803E96-7EAE-4CFF-9E27-64091F336E15}.Release|x64.ActiveCfg = Release|x64
		{57803E96-7EAE-4CFF-9E27-64091F336E15}.Release|x64.Build.0 = Release|x64
		{57803E96-7EAE-4CFF-9E27-64091F336E15}.Release|x86.ActiveCfg = Release|Win32
		{57803E96-7EAE-4CFF-9E27-64091F336E15}.Release|x86.Build.0 = Release|Win32
	EndGlobalSection
	GlobalSection(SolutionProperties) = preSolution
		HideSolutionNode = FALSE
	EndGlobalSection
	GlobalSection(ExtensibilityGlobals) = postSolution
		SolutionGuid = {A7CCE450-D272-4913-A6F3-42292956EAA4}
	EndGlobalSection
EndGlobal
